{
  "version": 4,
  "terraform_version": "1.12.2",
  "serial": 254,
  "lineage": "35ab953d-a2b5-5439-042f-c7b56109437c",
  "outputs": {},
  "resources": [
    {
      "module": "module.ecr",
      "mode": "managed",
      "type": "aws_ecr_repository",
      "name": "this",
      "provider": "provider[\"registry.terraform.io/hashicorp/aws\"]",
      "instances": [
        {
          "schema_version": 0,
          "attributes": {
            "arn": "arn:aws:ecr:us-east-1:491203818814:repository/nodejs-ecs-demo-repo",
            "encryption_configuration": [
              {
                "encryption_type": "AES256",
                "kms_key": ""
              }
            ],
            "force_delete": null,
            "id": "nodejs-ecs-demo-repo",
            "image_scanning_configuration": [
              {
                "scan_on_push": true
              }
            ],
            "image_tag_mutability": "MUTABLE",
            "name": "nodejs-ecs-demo-repo",
            "registry_id": "491203818814",
            "repository_url": "491203818814.dkr.ecr.us-east-1.amazonaws.com/nodejs-ecs-demo-repo",
            "tags": {
              "Name": "nodejs-ecs-demo-repo"
            },
            "tags_all": {
              "Name": "nodejs-ecs-demo-repo"
            },
            "timeouts": null
          },
          "sensitive_attributes": [],
          "identity_schema_version": 0,
          "private": "eyJlMmJmYjczMC1lY2FhLTExZTYtOGY4OC0zNDM2M2JjN2M0YzAiOnsiZGVsZXRlIjoxMjAwMDAwMDAwMDAwfX0="
        }
      ]
    },
    {
      "module": "module.route53[0]",
      "mode": "managed",
      "type": "aws_route53_zone",
      "name": "main",
      "provider": "provider[\"registry.terraform.io/hashicorp/aws\"]",
      "instances": []
    }
  ],
  "check_results": null
}
